schema: '2.0'
stages:
  load_data:
    cmd: python src/load_data.py --config=params.yaml
    deps:
    - path: data_given/fashion-mnist_test.csv
      md5: 64ec16a6b73b3514634d529a71dd8306
      size: 22176691
    - path: data_given/fashion-mnist_train.csv
      md5: 976229da8a00a3ccf41b8009e4e48d77
      size: 133047193
    - path: src/get_data.py
      md5: 81a4c44f698f363f58893cf42c3c6471
      size: 781
    - path: src/load_data.py
      md5: 2d55daab310a408e42edeb4bab5d7688
      size: 704
    outs:
    - path: data/raw/fashion-mnist_train.csv
      md5: 316626fcae24b13bb1696e3464d5fc36
      size: 133396084
